
Microsoft Visual Studio Solution File, Format Version 12.00
# Visual Studio 15
VisualStudioVersion = 15.0.28307.438
MinimumVisualStudioVersion = 10.0.40219.1
Project("{FAE04EC0-301F-11D3-BF4B-00C04F79EFBC}") = "mvcstudent", "mvcstudent\mvcstudent.csproj", "{0F5F3CF0-EAE4-4317-BA4A-AB003ABFB76B}"
EndProject
Global
	GlobalSection(SolutionConfigurationPlatforms) = preSolution
		Debug|Any CPU = Debug|Any CPU
		Release|Any CPU = Release|Any CPU
	EndGlobalSection
	GlobalSection(ProjectConfigurationPlatforms) = postSolution
		{0F5F3CF0-EAE4-4317-BA4A-AB003ABFB76B}.Debug|Any CPU.ActiveCfg = Debug|Any CPU
		{0F5F3CF0-EAE4-4317-BA4A-AB003ABFB76B}.Debug|Any CPU.Build.0 = Debug|Any CPU
		{0F5F3CF0-EAE4-4317-BA4A-AB003ABFB76B}.Release|Any CPU.ActiveCfg = Release|Any CPU
		{0F5F3CF0-EAE4-4317-BA4A-AB003ABFB76B}.Release|Any CPU.Build.0 = Release|Any CPU
	EndGlobalSection
	GlobalSection(SolutionProperties) = preSolution
		HideSolutionNode = FALSE
	EndGlobalSection
	GlobalSection(ExtensibilityGlobals) = postSolution
		SolutionGuid = {2C483DD2-D32B-46E3-B23C-5E90543EDEDA}
	EndGlobalSection
EndGlobal
